{
    "_readme": [
        "This file locks the dependencies of your project to a known state",
        "Read more about it at https://getcomposer.org/doc/01-basic-usage.md#installing-dependencies",
        "This file is @generated automatically"
    ],
    "content-hash": "68a71f448e42535b43516bf5016254d3",
    "packages": [
        {
            "name": "granam/czech-vocative",
            "version": "2.0.0",
            "source": {
                "type": "git",
                "url": "https://github.com/granam/czech-vocative.git",
                "reference": "92909aba9c1ff879690f610807278e87f7a68c84"
            },
            "dist": {
                "type": "zip",
                "url": "https://api.github.com/repos/granam/czech-vocative/zipball/92909aba9c1ff879690f610807278e87f7a68c84",
                "reference": "92909aba9c1ff879690f610807278e87f7a68c84",
                "shasum": ""
            },
            "require": {
                "ext-mbstring": "*",
                "php": ">=7.0"
            },
            "require-dev": {
                "phpunit/phpunit": "~6.0"
            },
            "type": "library",
            "autoload": {
                "psr-4": {
                    "Granam\\": "Granam/"
                }
            },
            "notification-url": "https://packagist.org/downloads/",
            "license": [
                "MIT"
            ],
            "authors": [
                {
                    "name": "Petr Joachim",
                    "email": "petr@joachim.cz"
                },
                {
                    "name": "Jaroslav Týc",
                    "email": "mail@jaroslavtyc.com"
                }
            ],
            "description": "Inflect czech names and surnames.",
            "time": "2017-11-24T08:00:05+00:00"
        }
    ],
    "packages-dev": [],
    "aliases": [],
    "minimum-stability": "stable",
    "stability-flags": [],
    "prefer-stable": false,
    "prefer-lowest": false,
    "platform": [],
    "platform-dev": [],
    "plugin-api-version": "1.1.0"
}
